
Microsoft Visual Studio Solution File, Format Version 12.00
# Visual Studio Version 17
VisualStudioVersion = 17.11.35017.193
MinimumVisualStudioVersion = 10.0.40219.1
Project("{FAE04EC0-301F-11D3-BF4B-00C04F79EFBC}") = "HtmlToPdfMaker", "HtmlToPdfMaker\HtmlToPdfMaker.csproj", "{468417A1-1E48-4993-ACF7-AD845D494F5F}"
EndProject
Project("{FAE04EC0-301F-11D3-BF4B-00C04F79EFBC}") = "HtmlToPdfMakerTests", "HtmlToPdfMakerTests\HtmlToPdfMakerTests.csproj", "{3181BA92-09AF-4960-BE51-B58FCAC45EDB}"
EndProject
Global
	GlobalSection(SolutionConfigurationPlatforms) = preSolution
		Debug|Any CPU = Debug|Any CPU
		Release|Any CPU = Release|Any CPU
	EndGlobalSection
	GlobalSection(ProjectConfigurationPlatforms) = postSolution
		{468417A1-1E48-4993-ACF7-AD845D494F5F}.Debug|Any CPU.ActiveCfg = Debug|Any CPU
		{468417A1-1E48-4993-ACF7-AD845D494F5F}.Debug|Any CPU.Build.0 = Debug|Any CPU
		{468417A1-1E48-4993-ACF7-AD845D494F5F}.Release|Any CPU.ActiveCfg = Release|Any CPU
		{468417A1-1E48-4993-ACF7-AD845D494F5F}.Release|Any CPU.Build.0 = Release|Any CPU
		{3181BA92-09AF-4960-BE51-B58FCAC45EDB}.Debug|Any CPU.ActiveCfg = Debug|Any CPU
		{3181BA92-09AF-4960-BE51-B58FCAC45EDB}.Debug|Any CPU.Build.0 = Debug|Any CPU
		{3181BA92-09AF-4960-BE51-B58FCAC45EDB}.Release|Any CPU.ActiveCfg = Release|Any CPU
		{3181BA92-09AF-4960-BE51-B58FCAC45EDB}.Release|Any CPU.Build.0 = Release|Any CPU
	EndGlobalSection
	GlobalSection(SolutionProperties) = preSolution
		HideSolutionNode = FALSE
	EndGlobalSection
	GlobalSection(ExtensibilityGlobals) = postSolution
		SolutionGuid = {08516471-ACF3-4371-BCDD-08F983F1684F}
	EndGlobalSection
EndGlobal
